
Microsoft Visual Studio Solution File, Format Version 12.00
# Visual Studio Version 16
VisualStudioVersion = 16.0.31729.503
MinimumVisualStudioVersion = 10.0.40219.1
Project("{FAE04EC0-301F-11D3-BF4B-00C04F79EFBC}") = "Snack_Ladder_Problem", "Snack_Ladder_Problem\Snack_Ladder_Problem.csproj", "{3C672DE2-786D-46FF-BE45-32BDDCDA9E69}"
EndProject
Global
	GlobalSection(SolutionConfigurationPlatforms) = preSolution
		Debug|Any CPU = Debug|Any CPU
		Release|Any CPU = Release|Any CPU
	EndGlobalSection
	GlobalSection(ProjectConfigurationPlatforms) = postSolution
		{3C672DE2-786D-46FF-BE45-32BDDCDA9E69}.Debug|Any CPU.ActiveCfg = Debug|Any CPU
		{3C672DE2-786D-46FF-BE45-32BDDCDA9E69}.Debug|Any CPU.Build.0 = Debug|Any CPU
		{3C672DE2-786D-46FF-BE45-32BDDCDA9E69}.Release|Any CPU.ActiveCfg = Release|Any CPU
		{3C672DE2-786D-46FF-BE45-32BDDCDA9E69}.Release|Any CPU.Build.0 = Release|Any CPU
	EndGlobalSection
	GlobalSection(SolutionProperties) = preSolution
		HideSolutionNode = FALSE
	EndGlobalSection
	GlobalSection(ExtensibilityGlobals) = postSolution
		SolutionGuid = {62231522-F8F2-4331-964A-7ABCB1366DE3}
	EndGlobalSection
EndGlobal
